
Microsoft Visual Studio Solution File, Format Version 12.00
# Visual Studio 15
VisualStudioVersion = 15.0.27004.2010
MinimumVisualStudioVersion = 10.0.40219.1
Project("{FAE04EC0-301F-11D3-BF4B-00C04F79EFBC}") = "给单词加上双引号", "给单词加上双引号\给单词加上双引号.csproj", "{CFBE8388-8361-490A-BE5B-5B6EDDF0DE3D}"
EndProject
Global
	GlobalSection(SolutionConfigurationPlatforms) = preSolution
		Debug|Any CPU = Debug|Any CPU
		Release|Any CPU = Release|Any CPU
	EndGlobalSection
	GlobalSection(ProjectConfigurationPlatforms) = postSolution
		{CFBE8388-8361-490A-BE5B-5B6EDDF0DE3D}.Debug|Any CPU.ActiveCfg = Debug|Any CPU
		{CFBE8388-8361-490A-BE5B-5B6EDDF0DE3D}.Debug|Any CPU.Build.0 = Debug|Any CPU
		{CFBE8388-8361-490A-BE5B-5B6EDDF0DE3D}.Release|Any CPU.ActiveCfg = Release|Any CPU
		{CFBE8388-8361-490A-BE5B-5B6EDDF0DE3D}.Release|Any CPU.Build.0 = Release|Any CPU
	EndGlobalSection
	GlobalSection(SolutionProperties) = preSolution
		HideSolutionNode = FALSE
	EndGlobalSection
	GlobalSection(ExtensibilityGlobals) = postSolution
		SolutionGuid = {0C804C35-8626-4F57-8EA0-C9554BC8E72B}
	EndGlobalSection
EndGlobal
