
Microsoft Visual Studio Solution File, Format Version 12.00
# Visual Studio 15
VisualStudioVersion = 15.0.27004.2010
MinimumVisualStudioVersion = 10.0.40219.1
Project("{FAE04EC0-301F-11D3-BF4B-00C04F79EFBC}") = "一副洗过的扑克牌（建立类库，实际化）", "一副洗过的扑克牌（建立类库，实际化）\一副洗过的扑克牌（建立类库，实际化）.csproj", "{93481721-F0D3-4585-993B-26FDA00E2C07}"
EndProject
Global
	GlobalSection(SolutionConfigurationPlatforms) = preSolution
		Debug|Any CPU = Debug|Any CPU
		Release|Any CPU = Release|Any CPU
	EndGlobalSection
	GlobalSection(ProjectConfigurationPlatforms) = postSolution
		{93481721-F0D3-4585-993B-26FDA00E2C07}.Debug|Any CPU.ActiveCfg = Debug|Any CPU
		{93481721-F0D3-4585-993B-26FDA00E2C07}.Debug|Any CPU.Build.0 = Debug|Any CPU
		{93481721-F0D3-4585-993B-26FDA00E2C07}.Release|Any CPU.ActiveCfg = Release|Any CPU
		{93481721-F0D3-4585-993B-26FDA00E2C07}.Release|Any CPU.Build.0 = Release|Any CPU
	EndGlobalSection
	GlobalSection(SolutionProperties) = preSolution
		HideSolutionNode = FALSE
	EndGlobalSection
	GlobalSection(ExtensibilityGlobals) = postSolution
		SolutionGuid = {D4DFA10A-3873-4BC2-B4E5-1C75677EE9A6}
	EndGlobalSection
EndGlobal
