
Microsoft Visual Studio Solution File, Format Version 12.00
# Visual Studio 15
VisualStudioVersion = 15.0.27004.2010
MinimumVisualStudioVersion = 10.0.40219.1
Project("{FAE04EC0-301F-11D3-BF4B-00C04F79EFBC}") = "使用类库", "使用类库\使用类库.csproj", "{302EFC2B-29C5-4BF5-8338-0B552CB3BA32}"
EndProject
Global
	GlobalSection(SolutionConfigurationPlatforms) = preSolution
		Debug|Any CPU = Debug|Any CPU
		Release|Any CPU = Release|Any CPU
	EndGlobalSection
	GlobalSection(ProjectConfigurationPlatforms) = postSolution
		{302EFC2B-29C5-4BF5-8338-0B552CB3BA32}.Debug|Any CPU.ActiveCfg = Debug|Any CPU
		{302EFC2B-29C5-4BF5-8338-0B552CB3BA32}.Debug|Any CPU.Build.0 = Debug|Any CPU
		{302EFC2B-29C5-4BF5-8338-0B552CB3BA32}.Release|Any CPU.ActiveCfg = Release|Any CPU
		{302EFC2B-29C5-4BF5-8338-0B552CB3BA32}.Release|Any CPU.Build.0 = Release|Any CPU
	EndGlobalSection
	GlobalSection(SolutionProperties) = preSolution
		HideSolutionNode = FALSE
	EndGlobalSection
	GlobalSection(ExtensibilityGlobals) = postSolution
		SolutionGuid = {FE41EA9D-B023-4F04-8276-A733A2799E78}
	EndGlobalSection
EndGlobal
