
Microsoft Visual Studio Solution File, Format Version 12.00
# Visual Studio 15
VisualStudioVersion = 15.0.27004.2010
MinimumVisualStudioVersion = 10.0.40219.1
Project("{FAE04EC0-301F-11D3-BF4B-00C04F79EFBC}") = "定义和使用函数", "定义和使用函数\定义和使用函数.csproj", "{DCBAC2E0-AED0-4BE5-9219-435C8C784D0B}"
EndProject
Global
	GlobalSection(SolutionConfigurationPlatforms) = preSolution
		Debug|Any CPU = Debug|Any CPU
		Release|Any CPU = Release|Any CPU
	EndGlobalSection
	GlobalSection(ProjectConfigurationPlatforms) = postSolution
		{DCBAC2E0-AED0-4BE5-9219-435C8C784D0B}.Debug|Any CPU.ActiveCfg = Debug|Any CPU
		{DCBAC2E0-AED0-4BE5-9219-435C8C784D0B}.Debug|Any CPU.Build.0 = Debug|Any CPU
		{DCBAC2E0-AED0-4BE5-9219-435C8C784D0B}.Release|Any CPU.ActiveCfg = Release|Any CPU
		{DCBAC2E0-AED0-4BE5-9219-435C8C784D0B}.Release|Any CPU.Build.0 = Release|Any CPU
	EndGlobalSection
	GlobalSection(SolutionProperties) = preSolution
		HideSolutionNode = FALSE
	EndGlobalSection
	GlobalSection(ExtensibilityGlobals) = postSolution
		SolutionGuid = {F93B9936-8454-4301-A236-1956AB6FE0BE}
	EndGlobalSection
EndGlobal
