
Microsoft Visual Studio Solution File, Format Version 12.00
# Visual Studio 15
VisualStudioVersion = 15.0.27004.2010
MinimumVisualStudioVersion = 10.0.40219.1
Project("{FAE04EC0-301F-11D3-BF4B-00C04F79EFBC}") = "桌面应用程序OOP", "桌面应用程序OOP\桌面应用程序OOP.csproj", "{786033F6-2543-46EF-BE01-D11494E539A4}"
EndProject
Global
	GlobalSection(SolutionConfigurationPlatforms) = preSolution
		Debug|Any CPU = Debug|Any CPU
		Release|Any CPU = Release|Any CPU
	EndGlobalSection
	GlobalSection(ProjectConfigurationPlatforms) = postSolution
		{786033F6-2543-46EF-BE01-D11494E539A4}.Debug|Any CPU.ActiveCfg = Debug|Any CPU
		{786033F6-2543-46EF-BE01-D11494E539A4}.Debug|Any CPU.Build.0 = Debug|Any CPU
		{786033F6-2543-46EF-BE01-D11494E539A4}.Release|Any CPU.ActiveCfg = Release|Any CPU
		{786033F6-2543-46EF-BE01-D11494E539A4}.Release|Any CPU.Build.0 = Release|Any CPU
	EndGlobalSection
	GlobalSection(SolutionProperties) = preSolution
		HideSolutionNode = FALSE
	EndGlobalSection
	GlobalSection(ExtensibilityGlobals) = postSolution
		SolutionGuid = {4C8A9B7A-7A2E-4E95-BC33-BBB26AFC35D8}
	EndGlobalSection
EndGlobal
